
Microsoft Visual Studio Solution File, Format Version 12.00
# Visual Studio 15
VisualStudioVersion = 15.0.27130.2027
MinimumVisualStudioVersion = 10.0.40219.1
Project("{FAE04EC0-301F-11D3-BF4B-00C04F79EFBC}") = "docker-backup", "docker-backup\docker-backup.csproj", "{077E34E5-6273-4F35-B458-D30A7FBCF10C}"
EndProject
Global
	GlobalSection(SolutionConfigurationPlatforms) = preSolution
		Debug|Any CPU = Debug|Any CPU
		Release|Any CPU = Release|Any CPU
	EndGlobalSection
	GlobalSection(ProjectConfigurationPlatforms) = postSolution
		{077E34E5-6273-4F35-B458-D30A7FBCF10C}.Debug|Any CPU.ActiveCfg = Debug|Any CPU
		{077E34E5-6273-4F35-B458-D30A7FBCF10C}.Debug|Any CPU.Build.0 = Debug|Any CPU
		{077E34E5-6273-4F35-B458-D30A7FBCF10C}.Release|Any CPU.ActiveCfg = Release|Any CPU
		{077E34E5-6273-4F35-B458-D30A7FBCF10C}.Release|Any CPU.Build.0 = Release|Any CPU
	EndGlobalSection
	GlobalSection(SolutionProperties) = preSolution
		HideSolutionNode = FALSE
	EndGlobalSection
	GlobalSection(ExtensibilityGlobals) = postSolution
		SolutionGuid = {AE86E654-C0D3-44C3-8E5C-38AE997E2D66}
	EndGlobalSection
EndGlobal
